<Solution>
  <Project Path="CalculationCore/CalculationCore.csproj" Id="c14fc25f-41c8-4898-8532-5919f8e3d45b" />
  <Project Path="TestGrandSmeta/TestCalculationCore.csproj" Id="4299c683-0a11-4969-a78d-5227b0a56419" />
  <Project Path="Гранд Смета/Гранд Смета.csproj" Id="4ba04e35-8292-4a32-a025-05abef939a5e" />
</Solution>
